// !$*UTF8*$!
{
	archiveVersion = 1;
	classes = {
	};
	objectVersion = 46;
	objects = {

/* Begin PBXBuildFile section */
		0650F8E2B52B026D5BF89CD4 /* Pods_FlixUITests.framework in Frameworks */ = {isa = PBXBuildFile; fileRef = DA7B5BC06FE1A8A3BD142256 /* Pods_FlixUITests.framework */; };
		605FC1585450E47F18CBC76D /* Pods_FlixTests.framework in Frameworks */ = {isa = PBXBuildFile; fileRef = BE00763C334360D4CCA26232 /* Pods_FlixTests.framework */; };
		9D37D5788F2D38E2557D406C /* Pods_Flix.framework in Frameworks */ = {isa = PBXBuildFile; fileRef = B3C4E0C6F5C0BDD53DBEAD3C /* Pods_Flix.framework */; };
		C8AC4A7C1D134292005828E4 /* cellDetailsView.swift in Sources */ = {isa = PBXBuildFile; fileRef = C8AC4A7B1D134292005828E4 /* cellDetailsView.swift */; };
		C8DA78F81D11DA6100FB1738 /* AppDelegate.swift in Sources */ = {isa = PBXBuildFile; fileRef = C8DA78F71D11DA6100FB1738 /* AppDelegate.swift */; };
		C8DA78FA1D11DA6100FB1738 /* ViewController.swift in Sources */ = {isa = PBXBuildFile; fileRef = C8DA78F91D11DA6100FB1738 /* ViewController.swift */; };
		C8DA78FD1D11DA6100FB1738 /* Main.storyboard in Resources */ = {isa = PBXBuildFile; fileRef = C8DA78FB1D11DA6100FB1738 /* Main.storyboard */; };
		C8DA78FF1D11DA6100FB1738 /* Assets.xcassets in Resources */ = {isa = PBXBuildFile; fileRef = C8DA78FE1D11DA6100FB1738 /* Assets.xcassets */; };
		C8DA79021D11DA6100FB1738 /* LaunchScreen.storyboard in Resources */ = {isa = PBXBuildFile; fileRef = C8DA79001D11DA6100FB1738 /* LaunchScreen.storyboard */; };
		C8DA790D1D11DA6100FB1738 /* FlixTests.swift in Sources */ = {isa = PBXBuildFile; fileRef = C8DA790C1D11DA6100FB1738 /* FlixTests.swift */; };
		C8DA79181D11DA6100FB1738 /* FlixUITests.swift in Sources */ = {isa = PBXBuildFile; fileRef = C8DA79171D11DA6100FB1738 /* FlixUITests.swift */; };
		C8DA79271D12096400FB1738 /* MovieCell.swift in Sources */ = {isa = PBXBuildFile; fileRef = C8DA79261D12096400FB1738 /* MovieCell.swift */; };
/* End PBXBuildFile section */

/* Begin PBXContainerItemProxy section */
		C8DA79091D11DA6100FB1738 /* PBXContainerItemProxy */ = {
			isa = PBXContainerItemProxy;
			containerPortal = C8DA78EC1D11DA6100FB1738 /* Project object */;
			proxyType = 1;
			remoteGlobalIDString = C8DA78F31D11DA6100FB1738;
			remoteInfo = Flix;
		};
		C8DA79141D11DA6100FB1738 /* PBXContainerItemProxy */ = {
			isa = PBXContainerItemProxy;
			containerPortal = C8DA78EC1D11DA6100FB1738 /* Project object */;
			proxyType = 1;
			remoteGlobalIDString = C8DA78F31D11DA6100FB1738;
			remoteInfo = Flix;
		};
/* End PBXContainerItemProxy section */

/* Begin PBXFileReference section */
		114BB801F4D3387E0812BA58 /* Pods-FlixTests.release.xcconfig */ = {isa = PBXFileReference; includeInIndex = 1; lastKnownFileType = text.xcconfig; name = "Pods-FlixTests.release.xcconfig"; path = "Pods/Target Support Files/Pods-FlixTests/Pods-FlixTests.release.xcconfig"; sourceTree = "<group>"; };
		2D1F3059152601FDD8AD69DA /* Pods-Flix.release.xcconfig */ = {isa = PBXFileReference; includeInIndex = 1; lastKnownFileType = text.xcconfig; name = "Pods-Flix.release.xcconfig"; path = "Pods/Target Support Files/Pods-Flix/Pods-Flix.release.xcconfig"; sourceTree = "<group>"; };
		A7BBCA0E4074BB390F33E182 /* Pods-FlixUITests.debug.xcconfig */ = {isa = PBXFileReference; includeInIndex = 1; lastKnownFileType = text.xcconfig; name = "Pods-FlixUITests.debug.xcconfig"; path = "Pods/Target Support Files/Pods-FlixUITests/Pods-FlixUITests.debug.xcconfig"; sourceTree = "<group>"; };
		B3C4E0C6F5C0BDD53DBEAD3C /* Pods_Flix.framework */ = {isa = PBXFileReference; explicitFileType = wrapper.framework; includeInIndex = 0; path = Pods_Flix.framework; sourceTree = BUILT_PRODUCTS_DIR; };
		BE00763C334360D4CCA26232 /* Pods_FlixTests.framework */ = {isa = PBXFileReference; explicitFileType = wrapper.framework; includeInIndex = 0; path = Pods_FlixTests.framework; sourceTree = BUILT_PRODUCTS_DIR; };
		C8AC4A7B1D134292005828E4 /* cellDetailsView.swift */ = {isa = PBXFileReference; fileEncoding = 4; lastKnownFileType = sourcecode.swift; path = cellDetailsView.swift; sourceTree = "<group>"; };
		C8DA78F41D11DA6100FB1738 /* Flix.app */ = {isa = PBXFileReference; explicitFileType = wrapper.application; includeInIndex = 0; path = Flix.app; sourceTree = BUILT_PRODUCTS_DIR; };
		C8DA78F71D11DA6100FB1738 /* AppDelegate.swift */ = {isa = PBXFileReference; lastKnownFileType = sourcecode.swift; path = AppDelegate.swift; sourceTree = "<group>"; };
		C8DA78F91D11DA6100FB1738 /* ViewController.swift */ = {isa = PBXFileReference; lastKnownFileType = sourcecode.swift; path = ViewController.swift; sourceTree = "<group>"; };
		C8DA78FC1D11DA6100FB1738 /* Base */ = {isa = PBXFileReference; lastKnownFileType = file.storyboard; name = Base; path = Base.lproj/Main.storyboard; sourceTree = "<group>"; };
		C8DA78FE1D11DA6100FB1738 /* Assets.xcassets */ = {isa = PBXFileReference; lastKnownFileType = folder.assetcatalog; path = Assets.xcassets; sourceTree = "<group>"; };
		C8DA79011D11DA6100FB1738 /* Base */ = {isa = PBXFileReference; lastKnownFileType = file.storyboard; name = Base; path = Base.lproj/LaunchScreen.storyboard; sourceTree = "<group>"; };
		C8DA79031D11DA6100FB1738 /* Info.plist */ = {isa = PBXFileReference; lastKnownFileType = text.plist.xml; path = Info.plist; sourceTree = "<group>"; };
		C8DA79081D11DA6100FB1738 /* FlixTests.xctest */ = {isa = PBXFileReference; explicitFileType = wrapper.cfbundle; includeInIndex = 0; path = FlixTests.xctest; sourceTree = BUILT_PRODUCTS_DIR; };
		C8DA790C1D11DA6100FB1738 /* FlixTests.swift */ = {isa = PBXFileReference; lastKnownFileType = sourcecode.swift; path = FlixTests.swift; sourceTree = "<group>"; };
		C8DA790E1D11DA6100FB1738 /* Info.plist */ = {isa = PBXFileReference; lastKnownFileType = text.plist.xml; path = Info.plist; sourceTree = "<group>"; };
		C8DA79131D11DA6100FB1738 /* FlixUITests.xctest */ = {isa = PBXFileReference; explicitFileType = wrapper.cfbundle; includeInIndex = 0; path = FlixUITests.xctest; sourceTree = BUILT_PRODUCTS_DIR; };
		C8DA79171D11DA6100FB1738 /* FlixUITests.swift */ = {isa = PBXFileReference; lastKnownFileType = sourcecode.swift; path = FlixUITests.swift; sourceTree = "<group>"; };
		C8DA79191D11DA6100FB1738 /* Info.plist */ = {isa = PBXFileReference; lastKnownFileType = text.plist.xml; path = Info.plist; sourceTree = "<group>"; };
		C8DA79261D12096400FB1738 /* MovieCell.swift */ = {isa = PBXFileReference; fileEncoding = 4; lastKnownFileType = sourcecode.swift; path = MovieCell.swift; sourceTree = "<group>"; };
		D36CF35C09A927EDF1F510AF /* Pods-FlixUITests.release.xcconfig */ = {isa = PBXFileReference; includeInIndex = 1; lastKnownFileType = text.xcconfig; name = "Pods-FlixUITests.release.xcconfig"; path = "Pods/Target Support Files/Pods-FlixUITests/Pods-FlixUITests.release.xcconfig"; sourceTree = "<group>"; };
		D3AAAFEC214638C78E54D19F /* Pods-FlixTests.debug.xcconfig */ = {isa = PBXFileReference; includeInIndex = 1; lastKnownFileType = text.xcconfig; name = "Pods-FlixTests.debug.xcconfig"; path = "Pods/Target Support Files/Pods-FlixTests/Pods-FlixTests.debug.xcconfig"; sourceTree = "<group>"; };
		D9D58C50C45C9F7E645D7E06 /* Pods-Flix.debug.xcconfig */ = {isa = PBXFileReference; includeInIndex = 1; lastKnownFileType = text.xcconfig; name = "Pods-Flix.debug.xcconfig"; path = "Pods/Target Support Files/Pods-Flix/Pods-Flix.debug.xcconfig"; sourceTree = "<group>"; };
		DA7B5BC06FE1A8A3BD142256 /* Pods_FlixUITests.framework */ = {isa = PBXFileReference; explicitFileType = wrapper.framework; includeInIndex = 0; path = Pods_FlixUITests.framework; sourceTree = BUILT_PRODUCTS_DIR; };
/* End PBXFileReference section */

/* Begin PBXFrameworksBuildPhase section */
		C8DA78F11D11DA6100FB1738 /* Frameworks */ = {
			isa = PBXFrameworksBuildPhase;
			buildActionMask = 2147483647;
			files = (
				9D37D5788F2D38E2557D406C /* Pods_Flix.framework in Frameworks */,
			);
			runOnlyForDeploymentPostprocessing = 0;
		};
		C8DA79051D11DA6100FB1738 /* Frameworks */ = {
			isa = PBXFrameworksBuildPhase;
			buildActionMask = 2147483647;
			files = (
				605FC1585450E47F18CBC76D /* Pods_FlixTests.framework in Frameworks */,
			);
			runOnlyForDeploymentPostprocessing = 0;
		};
		C8DA79101D11DA6100FB1738 /* Frameworks */ = {
			isa = PBXFrameworksBuildPhase;
			buildActionMask = 2147483647;
			files = (
				0650F8E2B52B026D5BF89CD4 /* Pods_FlixUITests.framework in Frameworks */,
			);
			runOnlyForDeploymentPostprocessing = 0;
		};
/* End PBXFrameworksBuildPhase section */

/* Begin PBXGroup section */
		21ECBCE1FCF387E4F5D3E410 /* Pods */ = {
			isa = PBXGroup;
			children = (
				D9D58C50C45C9F7E645D7E06 /* Pods-Flix.debug.xcconfig */,
				2D1F3059152601FDD8AD69DA /* Pods-Flix.release.xcconfig */,
				D3AAAFEC214638C78E54D19F /* Pods-FlixTests.debug.xcconfig */,
				114BB801F4D3387E0812BA58 /* Pods-FlixTests.release.xcconfig */,
				A7BBCA0E4074BB390F33E182 /* Pods-FlixUITests.debug.xcconfig */,
				D36CF35C09A927EDF1F510AF /* Pods-FlixUITests.release.xcconfig */,
			);
			name = Pods;
			sourceTree = "<group>";
		};
		2EF2A9616B324638CE25277E /* Frameworks */ = {
			isa = PBXGroup;
			children = (
				B3C4E0C6F5C0BDD53DBEAD3C /* Pods_Flix.framework */,
				BE00763C334360D4CCA26232 /* Pods_FlixTests.framework */,
				DA7B5BC06FE1A8A3BD142256 /* Pods_FlixUITests.framework */,
			);
			name = Frameworks;
			sourceTree = "<group>";
		};
		C8DA78EB1D11DA6100FB1738 = {
			isa = PBXGroup;
			children = (
				C8DA78F61D11DA6100FB1738 /* Flix */,
				C8DA790B1D11DA6100FB1738 /* FlixTests */,
				C8DA79161D11DA6100FB1738 /* FlixUITests */,
				C8DA78F51D11DA6100FB1738 /* Products */,
				21ECBCE1FCF387E4F5D3E410 /* Pods */,
				2EF2A9616B324638CE25277E /* Frameworks */,
			);
			sourceTree = "<group>";
		};
		C8DA78F51D11DA6100FB1738 /* Products */ = {
			isa = PBXGroup;
			children = (
				C8DA78F41D11DA6100FB1738 /* Flix.app */,
				C8DA79081D11DA6100FB1738 /* FlixTests.xctest */,
				C8DA79131D11DA6100FB1738 /* FlixUITests.xctest */,
			);
			name = Products;
			sourceTree = "<group>";
		};
		C8DA78F61D11DA6100FB1738 /* Flix */ = {
			isa = PBXGroup;
			children = (
				C8DA79281D12097200FB1738 /* view controllers */,
				C8DA79251D12091F00FB1738 /* Views */,
				C8DA78F71D11DA6100FB1738 /* AppDelegate.swift */,
				C8DA78FB1D11DA6100FB1738 /* Main.storyboard */,
				C8DA78FE1D11DA6100FB1738 /* Assets.xcassets */,
				C8DA79001D11DA6100FB1738 /* LaunchScreen.storyboard */,
				C8DA79031D11DA6100FB1738 /* Info.plist */,
			);
			path = Flix;
			sourceTree = "<group>";
		};
		C8DA790B1D11DA6100FB1738 /* FlixTests */ = {
			isa = PBXGroup;
			children = (
				C8DA790C1D11DA6100FB1738 /* FlixTests.swift */,
				C8DA790E1D11DA6100FB1738 /* Info.plist */,
			);
			path = FlixTests;
			sourceTree = "<group>";
		};
		C8DA79161D11DA6100FB1738 /* FlixUITests */ = {
			isa = PBXGroup;
			children = (
				C8DA79171D11DA6100FB1738 /* FlixUITests.swift */,
				C8DA79191D11DA6100FB1738 /* Info.plist */,
			);
			path = FlixUITests;
			sourceTree = "<group>";
		};
		C8DA79251D12091F00FB1738 /* Views */ = {
			isa = PBXGroup;
			children = (
				C8DA79261D12096400FB1738 /* MovieCell.swift */,
			);
			name = Views;
			sourceTree = "<group>";
		};
		C8DA79281D12097200FB1738 /* view controllers */ = {
			isa = PBXGroup;
			children = (
				C8DA78F91D11DA6100FB1738 /* ViewController.swift */,
				C8AC4A7B1D134292005828E4 /* cellDetailsView.swift */,
			);
			name = "view controllers";
			sourceTree = "<group>";
		};
/* End PBXGroup section */

/* Begin PBXNativeTarget section */
		C8DA78F31D11DA6100FB1738 /* Flix */ = {
			isa = PBXNativeTarget;
			buildConfigurationList = C8DA791C1D11DA6100FB1738 /* Build configuration list for PBXNativeTarget "Flix" */;
			buildPhases = (
				4F4333C6463B444640D725AC /* [CP] Check Pods Manifest.lock */,
				C8DA78F01D11DA6100FB1738 /* Sources */,
				C8DA78F11D11DA6100FB1738 /* Frameworks */,
				C8DA78F21D11DA6100FB1738 /* Resources */,
				580719CC6AB3ED0501244BA1 /* [CP] Embed Pods Frameworks */,
				5F7E106E2724E08829921435 /* [CP] Copy Pods Resources */,
			);
			buildRules = (
			);
			dependencies = (
			);
			name = Flix;
			productName = Flix;
			productReference = C8DA78F41D11DA6100FB1738 /* Flix.app */;
			productType = "com.apple.product-type.application";
		};
		C8DA79071D11DA6100FB1738 /* FlixTests */ = {
			isa = PBXNativeTarget;
			buildConfigurationList = C8DA791F1D11DA6100FB1738 /* Build configuration list for PBXNativeTarget "FlixTests" */;
			buildPhases = (
				2AE1C9D3613EE18A64EDF2A5 /* [CP] Check Pods Manifest.lock */,
				C8DA79041D11DA6100FB1738 /* Sources */,
				C8DA79051D11DA6100FB1738 /* Frameworks */,
				C8DA79061D11DA6100FB1738 /* Resources */,
				3578145F5B8B33317B8F75C7 /* [CP] Embed Pods Frameworks */,
				95CEDCAE67CF3DCE1215E2CC /* [CP] Copy Pods Resources */,
			);
			buildRules = (
			);
			dependencies = (
				C8DA790A1D11DA6100FB1738 /* PBXTargetDependency */,
			);
			name = FlixTests;
			productName = FlixTests;
			productReference = C8DA79081D11DA6100FB1738 /* FlixTests.xctest */;
			productType = "com.apple.product-type.bundle.unit-test";
		};
		C8DA79121D11DA6100FB1738 /* FlixUITests */ = {
			isa = PBXNativeTarget;
			buildConfigurationList = C8DA79221D11DA6100FB1738 /* Build configuration list for PBXNativeTarget "FlixUITests" */;
			buildPhases = (
				046035BBD652C95FB18DA739 /* [CP] Check Pods Manifest.lock */,
				C8DA790F1D11DA6100FB1738 /* Sources */,
				C8DA79101D11DA6100FB1738 /* Frameworks */,
				C8DA79111D11DA6100FB1738 /* Resources */,
				6EC7E10CC024F7F497EA7D1E /* [CP] Copy Pods Resources */,
			);
			buildRules = (
			);
			dependencies = (
				C8DA79151D11DA6100FB1738 /* PBXTargetDependency */,
			);
			name = FlixUITests;
			productName = FlixUITests;
			productReference = C8DA79131D11DA6100FB1738 /* FlixUITests.xctest */;
			productType = "com.apple.product-type.bundle.ui-testing";
		};
/* End PBXNativeTarget section */

/* Begin PBXProject section */
		C8DA78EC1D11DA6100FB1738 /* Project object */ = {
			isa = PBXProject;
			attributes = {
				LastSwiftUpdateCheck = 0730;
				LastUpgradeCheck = 0730;
				ORGANIZATIONNAME = "Dimple Jethani";
				TargetAttributes = {
					C8DA78F31D11DA6100FB1738 = {
						CreatedOnToolsVersion = 7.3.1;
					};
					C8DA79071D11DA6100FB1738 = {
						CreatedOnToolsVersion = 7.3.1;
						TestTargetID = C8DA78F31D11DA6100FB1738;
					};
					C8DA79121D11DA6100FB1738 = {
						CreatedOnToolsVersion = 7.3.1;
						TestTargetID = C8DA78F31D11DA6100FB1738;
					};
				};
			};
			buildConfigurationList = C8DA78EF1D11DA6100FB1738 /* Build configuration list for PBXProject "Flix" */;
			compatibilityVersion = "Xcode 3.2";
			developmentRegion = English;
			hasScannedForEncodings = 0;
			knownRegions = (
				en,
				Base,
			);
			mainGroup = C8DA78EB1D11DA6100FB1738;
			productRefGroup = C8DA78F51D11DA6100FB1738 /* Products */;
			projectDirPath = "";
			projectRoot = "";
			targets = (
				C8DA78F31D11DA6100FB1738 /* Flix */,
				C8DA79071D11DA6100FB1738 /* FlixTests */,
				C8DA79121D11DA6100FB1738 /* FlixUITests */,
			);
		};
/* End PBXProject section */

/* Begin PBXResourcesBuildPhase section */
		C8DA78F21D11DA6100FB1738 /* Resources */ = {
			isa = PBXResourcesBuildPhase;
			buildActionMask = 2147483647;
			files = (
				C8DA79021D11DA6100FB1738 /* LaunchScreen.storyboard in Resources */,
				C8DA78FF1D11DA6100FB1738 /* Assets.xcassets in Resources */,
				C8DA78FD1D11DA6100FB1738 /* Main.storyboard in Resources */,
			);
			runOnlyForDeploymentPostprocessing = 0;
		};
		C8DA79061D11DA6100FB1738 /* Resources */ = {
			isa = PBXResourcesBuildPhase;
			buildActionMask = 2147483647;
			files = (
			);
			runOnlyForDeploymentPostprocessing = 0;
		};
		C8DA79111D11DA6100FB1738 /* Resources */ = {
			isa = PBXResourcesBuildPhase;
			buildActionMask = 2147483647;
			files = (
			);
			runOnlyForDeploymentPostprocessing = 0;
		};
/* End PBXResourcesBuildPhase section */

/* Begin PBXShellScriptBuildPhase section */
		046035BBD652C95FB18DA739 /* [CP] Check Pods Manifest.lock */ = {
			isa = PBXShellScriptBuildPhase;
			buildActionMask = 2147483647;
			files = (
			);
			inputPaths = (
			);
			name = "[CP] Check Pods Manifest.lock";
			outputPaths = (
			);
			runOnlyForDeploymentPostprocessing = 0;
			shellPath = /bin/sh;
			shellScript = "diff \"${PODS_ROOT}/../Podfile.lock\" \"${PODS_ROOT}/Manifest.lock\" > /dev/null\nif [[ $? != 0 ]] ; then\n    cat << EOM\nerror: The sandbox is not in sync with the Podfile.lock. Run 'pod install' or update your CocoaPods installation.\nEOM\n    exit 1\nfi\n";
			showEnvVarsInLog = 0;
		};
		2AE1C9D3613EE18A64EDF2A5 /* [CP] Check Pods Manifest.lock */ = {
			isa = PBXShellScriptBuildPhase;
			buildActionMask = 2147483647;
			files = (
			);
			inputPaths = (
			);
			name = "[CP] Check Pods Manifest.lock";
			outputPaths = (
			);
			runOnlyForDeploymentPostprocessing = 0;
			shellPath = /bin/sh;
			shellScript = "diff \"${PODS_ROOT}/../Podfile.lock\" \"${PODS_ROOT}/Manifest.lock\" > /dev/null\nif [[ $? != 0 ]] ; then\n    cat << EOM\nerror: The sandbox is not in sync with the Podfile.lock. Run 'pod install' or update your CocoaPods installation.\nEOM\n    exit 1\nfi\n";
			showEnvVarsInLog = 0;
		};
		3578145F5B8B33317B8F75C7 /* [CP] Embed Pods Frameworks */ = {
			isa = PBXShellScriptBuildPhase;
			buildActionMask = 2147483647;
			files = (
			);
			inputPaths = (
			);
			name = "[CP] Embed Pods Frameworks";
			outputPaths = (
			);
			runOnlyForDeploymentPostprocessing = 0;
			shellPath = /bin/sh;
			shellScript = "\"${SRCROOT}/Pods/Target Support Files/Pods-FlixTests/Pods-FlixTests-frameworks.sh\"\n";
			showEnvVarsInLog = 0;
		};
		4F4333C6463B444640D725AC /* [CP] Check Pods Manifest.lock */ = {
			isa = PBXShellScriptBuildPhase;
			buildActionMask = 2147483647;
			files = (
			);
			inputPaths = (
			);
			name = "[CP] Check Pods Manifest.lock";
			outputPaths = (
			);
			runOnlyForDeploymentPostprocessing = 0;
			shellPath = /bin/sh;
			shellScript = "diff \"${PODS_ROOT}/../Podfile.lock\" \"${PODS_ROOT}/Manifest.lock\" > /dev/null\nif [[ $? != 0 ]] ; then\n    cat << EOM\nerror: The sandbox is not in sync with the Podfile.lock. Run 'pod install' or update your CocoaPods installation.\nEOM\n    exit 1\nfi\n";
			showEnvVarsInLog = 0;
		};
		580719CC6AB3ED0501244BA1 /* [CP] Embed Pods Frameworks */ = {
			isa = PBXShellScriptBuildPhase;
			buildActionMask = 2147483647;
			files = (
			);
			inputPaths = (
			);
			name = "[CP] Embed Pods Frameworks";
			outputPaths = (
			);
			runOnlyForDeploymentPostprocessing = 0;
			shellPath = /bin/sh;
			shellScript = "\"${SRCROOT}/Pods/Target Support Files/Pods-Flix/Pods-Flix-frameworks.sh\"\n";
			showEnvVarsInLog = 0;
		};
		5F7E106E2724E08829921435 /* [CP] Copy Pods Resources */ = {
			isa = PBXShellScriptBuildPhase;
			buildActionMask = 2147483647;
			files = (
			);
			inputPaths = (
			);
			name = "[CP] Copy Pods Resources";
			outputPaths = (
			);
			runOnlyForDeploymentPostprocessing = 0;
			shellPath = /bin/sh;
			shellScript = "\"${SRCROOT}/Pods/Target Support Files/Pods-Flix/Pods-Flix-resources.sh\"\n";
			showEnvVarsInLog = 0;
		};
		6EC7E10CC024F7F497EA7D1E /* [CP] Copy Pods Resources */ = {
			isa = PBXShellScriptBuildPhase;
			buildActionMask = 2147483647;
			files = (
			);
			inputPaths = (
			);
			name = "[CP] Copy Pods Resources";
			outputPaths = (
			);
			runOnlyForDeploymentPostprocessing = 0;
			shellPath = /bin/sh;
			shellScript = "\"${SRCROOT}/Pods/Target Support Files/Pods-FlixUITests/Pods-FlixUITests-resources.sh\"\n";
			showEnvVarsInLog = 0;
		};
		95CEDCAE67CF3DCE1215E2CC /* [CP] Copy Pods Resources */ = {
			isa = PBXShellScriptBuildPhase;
			buildActionMask = 2147483647;
			files = (
			);
			inputPaths = (
			);
			name = "[CP] Copy Pods Resources";
			outputPaths = (
			);
			runOnlyForDeploymentPostprocessing = 0;
			shellPath = /bin/sh;
			shellScript = "\"${SRCROOT}/Pods/Target Support Files/Pods-FlixTests/Pods-FlixTests-resources.sh\"\n";
			showEnvVarsInLog = 0;
		};
/* End PBXShellScriptBuildPhase section */

/* Begin PBXSourcesBuildPhase section */
		C8DA78F01D11DA6100FB1738 /* Sources */ = {
			isa = PBXSourcesBuildPhase;
			buildActionMask = 2147483647;
			files = (
				C8DA78FA1D11DA6100FB1738 /* ViewController.swift in Sources */,
				C8AC4A7C1D134292005828E4 /* cellDetailsView.swift in Sources */,
				C8DA78F81D11DA6100FB1738 /* AppDelegate.swift in Sources */,
				C8DA79271D12096400FB1738 /* MovieCell.swift in Sources */,
			);
			runOnlyForDeploymentPostprocessing = 0;
		};
		C8DA79041D11DA6100FB1738 /* Sources */ = {
			isa = PBXSourcesBuildPhase;
			buildActionMask = 2147483647;
			files = (
				C8DA790D1D11DA6100FB1738 /* FlixTests.swift in Sources */,
			);
			runOnlyForDeploymentPostprocessing = 0;
		};
		C8DA790F1D11DA6100FB1738 /* Sources */ = {
			isa = PBXSourcesBuildPhase;
			buildActionMask = 2147483647;
			files = (
				C8DA79181D11DA6100FB1738 /* FlixUITests.swift in Sources */,
			);
			runOnlyForDeploymentPostprocessing = 0;
		};
/* End PBXSourcesBuildPhase section */

/* Begin PBXTargetDependency section */
		C8DA790A1D11DA6100FB1738 /* PBXTargetDependency */ = {
			isa = PBXTargetDependency;
			target = C8DA78F31D11DA6100FB1738 /* Flix */;
			targetProxy = C8DA79091D11DA6100FB1738 /* PBXContainerItemProxy */;
		};
		C8DA79151D11DA6100FB1738 /* PBXTargetDependency */ = {
			isa = PBXTargetDependency;
			target = C8DA78F31D11DA6100FB1738 /* Flix */;
			targetProxy = C8DA79141D11DA6100FB1738 /* PBXContainerItemProxy */;
		};
/* End PBXTargetDependency section */

/* Begin PBXVariantGroup section */
		C8DA78FB1D11DA6100FB1738 /* Main.storyboard */ = {
			isa = PBXVariantGroup;
			children = (
				C8DA78FC1D11DA6100FB1738 /* Base */,
			);
			name = Main.storyboard;
			sourceTree = "<group>";
		};
		C8DA79001D11DA6100FB1738 /* LaunchScreen.storyboard */ = {
			isa = PBXVariantGroup;
			children = (
				C8DA79011D11DA6100FB1738 /* Base */,
			);
			name = LaunchScreen.storyboard;
			sourceTree = "<group>";
		};
/* End PBXVariantGroup section */

/* Begin XCBuildConfiguration section */
		C8DA791A1D11DA6100FB1738 /* Debug */ = {
			isa = XCBuildConfiguration;
			buildSettings = {
				ALWAYS_SEARCH_USER_PATHS = NO;
				CLANG_ANALYZER_NONNULL = YES;
				CLANG_CXX_LANGUAGE_STANDARD = "gnu++0x";
				CLANG_CXX_LIBRARY = "libc++";
				CLANG_ENABLE_MODULES = YES;
				CLANG_ENABLE_OBJC_ARC = YES;
				CLANG_WARN_BOOL_CONVERSION = YES;
				CLANG_WARN_CONSTANT_CONVERSION = YES;
				CLANG_WARN_DIRECT_OBJC_ISA_USAGE = YES_ERROR;
				CLANG_WARN_EMPTY_BODY = YES;
				CLANG_WARN_ENUM_CONVERSION = YES;
				CLANG_WARN_INT_CONVERSION = YES;
				CLANG_WARN_OBJC_ROOT_CLASS = YES_ERROR;
				CLANG_WARN_UNREACHABLE_CODE = YES;
				CLANG_WARN__DUPLICATE_METHOD_MATCH = YES;
				"CODE_SIGN_IDENTITY[sdk=iphoneos*]" = "iPhone Developer";
				COPY_PHASE_STRIP = NO;
				DEBUG_INFORMATION_FORMAT = dwarf;
				ENABLE_STRICT_OBJC_MSGSEND = YES;
				ENABLE_TESTABILITY = YES;
				GCC_C_LANGUAGE_STANDARD = gnu99;
				GCC_DYNAMIC_NO_PIC = NO;
				GCC_NO_COMMON_BLOCKS = YES;
				GCC_OPTIMIZATION_LEVEL = 0;
				GCC_PREPROCESSOR_DEFINITIONS = (
					"DEBUG=1",
					"$(inherited)",
				);
				GCC_WARN_64_TO_32_BIT_CONVERSION = YES;
				GCC_WARN_ABOUT_RETURN_TYPE = YES_ERROR;
				GCC_WARN_UNDECLARED_SELECTOR = YES;
				GCC_WARN_UNINITIALIZED_AUTOS = YES_AGGRESSIVE;
				GCC_WARN_UNUSED_FUNCTION = YES;
				GCC_WARN_UNUSED_VARIABLE = YES;
				IPHONEOS_DEPLOYMENT_TARGET = 9.3;
				MTL_ENABLE_DEBUG_INFO = YES;
				ONLY_ACTIVE_ARCH = YES;
				SDKROOT = iphoneos;
				SWIFT_OPTIMIZATION_LEVEL = "-Onone";
			};
			name = Debug;
		};
		C8DA791B1D11DA6100FB1738 /* Release */ = {
			isa = XCBuildConfiguration;
			buildSettings = {
				ALWAYS_SEARCH_USER_PATHS = NO;
				CLANG_ANALYZER_NONNULL = YES;
				CLANG_CXX_LANGUAGE_STANDARD = "gnu++0x";
				CLANG_CXX_LIBRARY = "libc++";
				CLANG_ENABLE_MODULES = YES;
				CLANG_ENABLE_OBJC_ARC = YES;
				CLANG_WARN_BOOL_CONVERSION = YES;
				CLANG_WARN_CONSTANT_CONVERSION = YES;
				CLANG_WARN_DIRECT_OBJC_ISA_USAGE = YES_ERROR;
				CLANG_WARN_EMPTY_BODY = YES;
				CLANG_WARN_ENUM_CONVERSION = YES;
				CLANG_WARN_INT_CONVERSION = YES;
				CLANG_WARN_OBJC_ROOT_CLASS = YES_ERROR;
				CLANG_WARN_UNREACHABLE_CODE = YES;
				CLANG_WARN__DUPLICATE_METHOD_MATCH = YES;
				"CODE_SIGN_IDENTITY[sdk=iphoneos*]" = "iPhone Developer";
				COPY_PHASE_STRIP = NO;
				DEBUG_INFORMATION_FORMAT = "dwarf-with-dsym";
				ENABLE_NS_ASSERTIONS = NO;
				ENABLE_STRICT_OBJC_MSGSEND = YES;
				GCC_C_LANGUAGE_STANDARD = gnu99;
				GCC_NO_COMMON_BLOCKS = YES;
				GCC_WARN_64_TO_32_BIT_CONVERSION = YES;
				GCC_WARN_ABOUT_RETURN_TYPE = YES_ERROR;
				GCC_WARN_UNDECLARED_SELECTOR = YES;
				GCC_WARN_UNINITIALIZED_AUTOS = YES_AGGRESSIVE;
				GCC_WARN_UNUSED_FUNCTION = YES;
				GCC_WARN_UNUSED_VARIABLE = YES;
				IPHONEOS_DEPLOYMENT_TARGET = 9.3;
				MTL_ENABLE_DEBUG_INFO = NO;
				SDKROOT = iphoneos;
				VALIDATE_PRODUCT = YES;
			};
			name = Release;
		};
		C8DA791D1D11DA6100FB1738 /* Debug */ = {
			isa = XCBuildConfiguration;
			baseConfigurationReference = D9D58C50C45C9F7E645D7E06 /* Pods-Flix.debug.xcconfig */;
			buildSettings = {
				ASSETCATALOG_COMPILER_APPICON_NAME = AppIcon;
				INFOPLIST_FILE = Flix/Info.plist;
				LD_RUNPATH_SEARCH_PATHS = "$(inherited) @executable_path/Frameworks";
				PRODUCT_BUNDLE_IDENTIFIER = codepath.Flix;
				PRODUCT_NAME = "$(TARGET_NAME)";
			};
			name = Debug;
		};
		C8DA791E1D11DA6100FB1738 /* Release */ = {
			isa = XCBuildConfiguration;
			baseConfigurationReference = 2D1F3059152601FDD8AD69DA /* Pods-Flix.release.xcconfig */;
			buildSettings = {
				ASSETCATALOG_COMPILER_APPICON_NAME = AppIcon;
				INFOPLIST_FILE = Flix/Info.plist;
				LD_RUNPATH_SEARCH_PATHS = "$(inherited) @executable_path/Frameworks";
				PRODUCT_BUNDLE_IDENTIFIER = codepath.Flix;
				PRODUCT_NAME = "$(TARGET_NAME)";
			};
			name = Release;
		};
		C8DA79201D11DA6100FB1738 /* Debug */ = {
			isa = XCBuildConfiguration;
			baseConfigurationReference = D3AAAFEC214638C78E54D19F /* Pods-FlixTests.debug.xcconfig */;
			buildSettings = {
				BUNDLE_LOADER = "$(TEST_HOST)";
				INFOPLIST_FILE = FlixTests/Info.plist;
				LD_RUNPATH_SEARCH_PATHS = "$(inherited) @executable_path/Frameworks @loader_path/Frameworks";
				PRODUCT_BUNDLE_IDENTIFIER = codepath.FlixTests;
				PRODUCT_NAME = "$(TARGET_NAME)";
				TEST_HOST = "$(BUILT_PRODUCTS_DIR)/Flix.app/Flix";
			};
			name = Debug;
		};
		C8DA79211D11DA6100FB1738 /* Release */ = {
			isa = XCBuildConfiguration;
			baseConfigurationReference = 114BB801F4D3387E0812BA58 /* Pods-FlixTests.release.xcconfig */;
			buildSettings = {
				BUNDLE_LOADER = "$(TEST_HOST)";
				INFOPLIST_FILE = FlixTests/Info.plist;
				LD_RUNPATH_SEARCH_PATHS = "$(inherited) @executable_path/Frameworks @loader_path/Frameworks";
				PRODUCT_BUNDLE_IDENTIFIER = codepath.FlixTests;
				PRODUCT_NAME = "$(TARGET_NAME)";
				TEST_HOST = "$(BUILT_PRODUCTS_DIR)/Flix.app/Flix";
			};
			name = Release;
		};
		C8DA79231D11DA6100FB1738 /* Debug */ = {
			isa = XCBuildConfiguration;
			baseConfigurationReference = A7BBCA0E4074BB390F33E182 /* Pods-FlixUITests.debug.xcconfig */;
			buildSettings = {
				INFOPLIST_FILE = FlixUITests/Info.plist;
				LD_RUNPATH_SEARCH_PATHS = "$(inherited) @executable_path/Frameworks @loader_path/Frameworks";
				PRODUCT_BUNDLE_IDENTIFIER = codepath.FlixUITests;
				PRODUCT_NAME = "$(TARGET_NAME)";
				TEST_TARGET_NAME = Flix;
			};
			name = Debug;
		};
		C8DA79241D11DA6100FB1738 /* Release */ = {
			isa = XCBuildConfiguration;
			baseConfigurationReference = D36CF35C09A927EDF1F510AF /* Pods-FlixUITests.release.xcconfig */;
			buildSettings = {
				INFOPLIST_FILE = FlixUITests/Info.plist;
				LD_RUNPATH_SEARCH_PATHS = "$(inherited) @executable_path/Frameworks @loader_path/Frameworks";
				PRODUCT_BUNDLE_IDENTIFIER = codepath.FlixUITests;
				PRODUCT_NAME = "$(TARGET_NAME)";
				TEST_TARGET_NAME = Flix;
			};
			name = Release;
		};
/* End XCBuildConfiguration section */

/* Begin XCConfigurationList section */
		C8DA78EF1D11DA6100FB1738 /* Build configuration list for PBXProject "Flix" */ = {
			isa = XCConfigurationList;
			buildConfigurations = (
				C8DA791A1D11DA6100FB1738 /* Debug */,
				C8DA791B1D11DA6100FB1738 /* Release */,
			);
			defaultConfigurationIsVisible = 0;
			defaultConfigurationName = Release;
		};
		C8DA791C1D11DA6100FB1738 /* Build configuration list for PBXNativeTarget "Flix" */ = {
			isa = XCConfigurationList;
			buildConfigurations = (
				C8DA791D1D11DA6100FB1738 /* Debug */,
				C8DA791E1D11DA6100FB1738 /* Release */,
			);
			defaultConfigurationIsVisible = 0;
			defaultConfigurationName = Release;
		};
		C8DA791F1D11DA6100FB1738 /* Build configuration list for PBXNativeTarget "FlixTests" */ = {
			isa = XCConfigurationList;
			buildConfigurations = (
				C8DA79201D11DA6100FB1738 /* Debug */,
				C8DA79211D11DA6100FB1738 /* Release */,
			);
			defaultConfigurationIsVisible = 0;
			defaultConfigurationName = Release;
		};
		C8DA79221D11DA6100FB1738 /* Build configuration list for PBXNativeTarget "FlixUITests" */ = {
			isa = XCConfigurationList;
			buildConfigurations = (
				C8DA79231D11DA6100FB1738 /* Debug */,
				C8DA79241D11DA6100FB1738 /* Release */,
			);
			defaultConfigurationIsVisible = 0;
			defaultConfigurationName = Release;
		};
/* End XCConfigurationList section */
	};
	rootObject = C8DA78EC1D11DA6100FB1738 /* Project object */;
}
